
Microsoft Visual Studio Solution File, Format Version 12.00
# Visual Studio Version 16
VisualStudioVersion = 16.0.31129.286
MinimumVisualStudioVersion = 10.0.40219.1
Project("{FAE04EC0-301F-11D3-BF4B-00C04F79EFBC}") = "DBDefence", "src\DBDefence\DBDefence.csproj", "{32858BFF-F2C9-4829-AA77-0FDCF722A58C}"
EndProject
Project("{2150E333-8FDC-42A3-9474-1A3956D46DE8}") = "README", "README", "{A5DA4058-0BAF-4665-BBB4-7DEA851D3F2F}"
	ProjectSection(SolutionItems) = preProject
		.gitignore = .gitignore
		README.md = README.md
	EndProjectSection
EndProject
Global
	GlobalSection(SolutionConfigurationPlatforms) = preSolution
		Debug|Any CPU = Debug|Any CPU
		Release|Any CPU = Release|Any CPU
	EndGlobalSection
	GlobalSection(ProjectConfigurationPlatforms) = postSolution
		{32858BFF-F2C9-4829-AA77-0FDCF722A58C}.Debug|Any CPU.ActiveCfg = Debug|Any CPU
		{32858BFF-F2C9-4829-AA77-0FDCF722A58C}.Debug|Any CPU.Build.0 = Debug|Any CPU
		{32858BFF-F2C9-4829-AA77-0FDCF722A58C}.Release|Any CPU.ActiveCfg = Release|Any CPU
		{32858BFF-F2C9-4829-AA77-0FDCF722A58C}.Release|Any CPU.Build.0 = Release|Any CPU
	EndGlobalSection
	GlobalSection(SolutionProperties) = preSolution
		HideSolutionNode = FALSE
	EndGlobalSection
	GlobalSection(ExtensibilityGlobals) = postSolution
		SolutionGuid = {ACFFE561-6A08-4E88-B340-7B4419DE6A52}
	EndGlobalSection
EndGlobal
