
Microsoft Visual Studio Solution File, Format Version 12.00
# Visual Studio Version 16
VisualStudioVersion = 16.0.31129.286
MinimumVisualStudioVersion = 10.0.40219.1
Project("{FAE04EC0-301F-11D3-BF4B-00C04F79EFBC}") = "DBDefence", "src\DBDefence\DBDefence.csproj", "{32858BFF-F2C9-4829-AA77-0FDCF722A58C}"
EndProject
Project("{2150E333-8FDC-42A3-9474-1A3956D46DE8}") = "README", "README", "{A5DA4058-0BAF-4665-BBB4-7DEA851D3F2F}"
	ProjectSection(SolutionItems) = preProject
		.gitignore = .gitignore
		README.md = README.md
		src\README.md = src\README.md
	EndProjectSection
EndProject
Project("{FAE04EC0-301F-11D3-BF4B-00C04F79EFBC}") = "DBDefence.Console", "src\DBDefence.Console\DBDefence.Console.csproj", "{314757F0-BABD-4181-9B92-45507F6EEECA}"
EndProject
Project("{8BC9CEB8-8B4A-11D0-8D11-00A0C91BC942}") = "DBDefence.ConsoleCpp", "src\DBDefence.ConsoleCpp\DBDefence.ConsoleCpp.vcxproj", "{3DA181D9-7063-4CF5-893D-4EE46DE5F264}"
EndProject
Project("{8BC9CEB8-8B4A-11D0-8D11-00A0C91BC942}") = "DBDefence.ConsoleCpp.Tests", "src\DBDefence.ConsoleCpp.Tests\DBDefence.ConsoleCpp.Tests.vcxproj", "{E8206382-7EA1-4B20-A71B-829612389DE4}"
EndProject
Project("{8BC9CEB8-8B4A-11D0-8D11-00A0C91BC942}") = "CommandLineParser", "src\CommandLineParser\CommandLineParser.vcxproj", "{5F3A8D3F-847D-46FC-B30A-4E0099962B4B}"
EndProject
Project("{2150E333-8FDC-42A3-9474-1A3956D46DE8}") = "scripts", "scripts", "{0B37CFB9-2B7D-4A15-A8B7-4D8F61D92A40}"
	ProjectSection(SolutionItems) = preProject
		src\scripts\readDb.ps1 = src\scripts\readDb.ps1
	EndProjectSection
EndProject
Global
	GlobalSection(SolutionConfigurationPlatforms) = preSolution
		Debug|Any CPU = Debug|Any CPU
		Debug|x64 = Debug|x64
		Debug|x86 = Debug|x86
		Release|Any CPU = Release|Any CPU
		Release|x64 = Release|x64
		Release|x86 = Release|x86
	EndGlobalSection
	GlobalSection(ProjectConfigurationPlatforms) = postSolution
		{32858BFF-F2C9-4829-AA77-0FDCF722A58C}.Debug|Any CPU.ActiveCfg = Debug|Any CPU
		{32858BFF-F2C9-4829-AA77-0FDCF722A58C}.Debug|Any CPU.Build.0 = Debug|Any CPU
		{32858BFF-F2C9-4829-AA77-0FDCF722A58C}.Debug|x64.ActiveCfg = Debug|Any CPU
		{32858BFF-F2C9-4829-AA77-0FDCF722A58C}.Debug|x64.Build.0 = Debug|Any CPU
		{32858BFF-F2C9-4829-AA77-0FDCF722A58C}.Debug|x86.ActiveCfg = Debug|Any CPU
		{32858BFF-F2C9-4829-AA77-0FDCF722A58C}.Debug|x86.Build.0 = Debug|Any CPU
		{32858BFF-F2C9-4829-AA77-0FDCF722A58C}.Release|Any CPU.ActiveCfg = Release|Any CPU
		{32858BFF-F2C9-4829-AA77-0FDCF722A58C}.Release|Any CPU.Build.0 = Release|Any CPU
		{32858BFF-F2C9-4829-AA77-0FDCF722A58C}.Release|x64.ActiveCfg = Release|Any CPU
		{32858BFF-F2C9-4829-AA77-0FDCF722A58C}.Release|x64.Build.0 = Release|Any CPU
		{32858BFF-F2C9-4829-AA77-0FDCF722A58C}.Release|x86.ActiveCfg = Release|Any CPU
		{32858BFF-F2C9-4829-AA77-0FDCF722A58C}.Release|x86.Build.0 = Release|Any CPU
		{314757F0-BABD-4181-9B92-45507F6EEECA}.Debug|Any CPU.ActiveCfg = Debug|Any CPU
		{314757F0-BABD-4181-9B92-45507F6EEECA}.Debug|Any CPU.Build.0 = Debug|Any CPU
		{314757F0-BABD-4181-9B92-45507F6EEECA}.Debug|x64.ActiveCfg = Debug|x64
		{314757F0-BABD-4181-9B92-45507F6EEECA}.Debug|x64.Build.0 = Debug|x64
		{314757F0-BABD-4181-9B92-45507F6EEECA}.Debug|x86.ActiveCfg = Debug|Any CPU
		{314757F0-BABD-4181-9B92-45507F6EEECA}.Debug|x86.Build.0 = Debug|Any CPU
		{314757F0-BABD-4181-9B92-45507F6EEECA}.Release|Any CPU.ActiveCfg = Release|Any CPU
		{314757F0-BABD-4181-9B92-45507F6EEECA}.Release|Any CPU.Build.0 = Release|Any CPU
		{314757F0-BABD-4181-9B92-45507F6EEECA}.Release|x64.ActiveCfg = Release|x64
		{314757F0-BABD-4181-9B92-45507F6EEECA}.Release|x64.Build.0 = Release|x64
		{314757F0-BABD-4181-9B92-45507F6EEECA}.Release|x86.ActiveCfg = Release|Any CPU
		{314757F0-BABD-4181-9B92-45507F6EEECA}.Release|x86.Build.0 = Release|Any CPU
		{3DA181D9-7063-4CF5-893D-4EE46DE5F264}.Debug|Any CPU.ActiveCfg = Debug|Win32
		{3DA181D9-7063-4CF5-893D-4EE46DE5F264}.Debug|x64.ActiveCfg = Debug|x64
		{3DA181D9-7063-4CF5-893D-4EE46DE5F264}.Debug|x64.Build.0 = Debug|x64
		{3DA181D9-7063-4CF5-893D-4EE46DE5F264}.Debug|x86.ActiveCfg = Debug|Win32
		{3DA181D9-7063-4CF5-893D-4EE46DE5F264}.Debug|x86.Build.0 = Debug|Win32
		{3DA181D9-7063-4CF5-893D-4EE46DE5F264}.Release|Any CPU.ActiveCfg = Release|Win32
		{3DA181D9-7063-4CF5-893D-4EE46DE5F264}.Release|x64.ActiveCfg = Release|x64
		{3DA181D9-7063-4CF5-893D-4EE46DE5F264}.Release|x64.Build.0 = Release|x64
		{3DA181D9-7063-4CF5-893D-4EE46DE5F264}.Release|x86.ActiveCfg = Release|Win32
		{3DA181D9-7063-4CF5-893D-4EE46DE5F264}.Release|x86.Build.0 = Release|Win32
		{E8206382-7EA1-4B20-A71B-829612389DE4}.Debug|Any CPU.ActiveCfg = Debug|Win32
		{E8206382-7EA1-4B20-A71B-829612389DE4}.Debug|x64.ActiveCfg = Debug|x64
		{E8206382-7EA1-4B20-A71B-829612389DE4}.Debug|x64.Build.0 = Debug|x64
		{E8206382-7EA1-4B20-A71B-829612389DE4}.Debug|x86.ActiveCfg = Debug|Win32
		{E8206382-7EA1-4B20-A71B-829612389DE4}.Debug|x86.Build.0 = Debug|Win32
		{E8206382-7EA1-4B20-A71B-829612389DE4}.Release|Any CPU.ActiveCfg = Release|Win32
		{E8206382-7EA1-4B20-A71B-829612389DE4}.Release|x64.ActiveCfg = Release|x64
		{E8206382-7EA1-4B20-A71B-829612389DE4}.Release|x64.Build.0 = Release|x64
		{E8206382-7EA1-4B20-A71B-829612389DE4}.Release|x86.ActiveCfg = Release|Win32
		{E8206382-7EA1-4B20-A71B-829612389DE4}.Release|x86.Build.0 = Release|Win32
		{5F3A8D3F-847D-46FC-B30A-4E0099962B4B}.Debug|Any CPU.ActiveCfg = Debug|Win32
		{5F3A8D3F-847D-46FC-B30A-4E0099962B4B}.Debug|x64.ActiveCfg = Debug|x64
		{5F3A8D3F-847D-46FC-B30A-4E0099962B4B}.Debug|x64.Build.0 = Debug|x64
		{5F3A8D3F-847D-46FC-B30A-4E0099962B4B}.Debug|x86.ActiveCfg = Debug|Win32
		{5F3A8D3F-847D-46FC-B30A-4E0099962B4B}.Debug|x86.Build.0 = Debug|Win32
		{5F3A8D3F-847D-46FC-B30A-4E0099962B4B}.Release|Any CPU.ActiveCfg = Release|Win32
		{5F3A8D3F-847D-46FC-B30A-4E0099962B4B}.Release|x64.ActiveCfg = Release|x64
		{5F3A8D3F-847D-46FC-B30A-4E0099962B4B}.Release|x64.Build.0 = Release|x64
		{5F3A8D3F-847D-46FC-B30A-4E0099962B4B}.Release|x86.ActiveCfg = Release|Win32
		{5F3A8D3F-847D-46FC-B30A-4E0099962B4B}.Release|x86.Build.0 = Release|Win32
	EndGlobalSection
	GlobalSection(SolutionProperties) = preSolution
		HideSolutionNode = FALSE
	EndGlobalSection
	GlobalSection(ExtensibilityGlobals) = postSolution
		SolutionGuid = {ACFFE561-6A08-4E88-B340-7B4419DE6A52}
	EndGlobalSection
EndGlobal
